
Microsoft Visual Studio Solution File, Format Version 12.00
# Visual Studio Version 17
VisualStudioVersion = 17.0.31903.59
MinimumVisualStudioVersion = 10.0.40219.1
Project("{E53339B2-1760-4266-BCC7-CA923CBCF16C}") = "docker-compose", "docker-compose.dcproj", "{39FEC0CF-54D8-457C-9801-EAF458D0B83D}"
EndProject
Project("{9A19103F-16F7-4668-BE54-9A1E7A4F7556}") = "Volunteers.Domain.UnitTests", "tests\Volunteers.UnitTests\Volunteers.Domain.UnitTests.csproj", "{A0FD1CE4-5A6A-42FE-B1F7-A81F73E30B16}"
EndProject
Project("{9A19103F-16F7-4668-BE54-9A1E7A4F7556}") = "Volunteers.API", "src\Volunteers.API\Volunteers.API.csproj", "{233DB2C2-473B-480A-AADD-3DFB1A97CCEE}"
EndProject
Project("{9A19103F-16F7-4668-BE54-9A1E7A4F7556}") = "Volunteers.Application", "src\Volunteers.Application\Volunteers.Application.csproj", "{321F6972-DAFF-412C-A465-4F3B725E42BA}"
EndProject
Project("{9A19103F-16F7-4668-BE54-9A1E7A4F7556}") = "Volunteers.Infrastructure", "src\Volunteers.Infrastructure\Volunteers.Infrastructure.csproj", "{6D539224-6046-4ED7-9A0D-21B0229C46A7}"
	ProjectSection(ProjectDependencies) = postProject
		{473BE363-8262-43FC-8AD1-BF49FF23DF14} = {473BE363-8262-43FC-8AD1-BF49FF23DF14}
	EndProjectSection
EndProject
Project("{9A19103F-16F7-4668-BE54-9A1E7A4F7556}") = "Volunteers.Domain", "src\Volunteers.Domain\Volunteers.Domain.csproj", "{473BE363-8262-43FC-8AD1-BF49FF23DF14}"
EndProject
Global
	GlobalSection(SolutionConfigurationPlatforms) = preSolution
		Debug|Any CPU = Debug|Any CPU
		Release|Any CPU = Release|Any CPU
	EndGlobalSection
	GlobalSection(ProjectConfigurationPlatforms) = postSolution
		{39FEC0CF-54D8-457C-9801-EAF458D0B83D}.Debug|Any CPU.ActiveCfg = Debug|Any CPU
		{39FEC0CF-54D8-457C-9801-EAF458D0B83D}.Debug|Any CPU.Build.0 = Debug|Any CPU
		{39FEC0CF-54D8-457C-9801-EAF458D0B83D}.Release|Any CPU.ActiveCfg = Release|Any CPU
		{39FEC0CF-54D8-457C-9801-EAF458D0B83D}.Release|Any CPU.Build.0 = Release|Any CPU
		{A0FD1CE4-5A6A-42FE-B1F7-A81F73E30B16}.Debug|Any CPU.ActiveCfg = Debug|Any CPU
		{A0FD1CE4-5A6A-42FE-B1F7-A81F73E30B16}.Debug|Any CPU.Build.0 = Debug|Any CPU
		{A0FD1CE4-5A6A-42FE-B1F7-A81F73E30B16}.Release|Any CPU.ActiveCfg = Release|Any CPU
		{A0FD1CE4-5A6A-42FE-B1F7-A81F73E30B16}.Release|Any CPU.Build.0 = Release|Any CPU
		{233DB2C2-473B-480A-AADD-3DFB1A97CCEE}.Debug|Any CPU.ActiveCfg = Debug|Any CPU
		{233DB2C2-473B-480A-AADD-3DFB1A97CCEE}.Debug|Any CPU.Build.0 = Debug|Any CPU
		{233DB2C2-473B-480A-AADD-3DFB1A97CCEE}.Release|Any CPU.ActiveCfg = Release|Any CPU
		{233DB2C2-473B-480A-AADD-3DFB1A97CCEE}.Release|Any CPU.Build.0 = Release|Any CPU
		{321F6972-DAFF-412C-A465-4F3B725E42BA}.Debug|Any CPU.ActiveCfg = Debug|Any CPU
		{321F6972-DAFF-412C-A465-4F3B725E42BA}.Debug|Any CPU.Build.0 = Debug|Any CPU
		{321F6972-DAFF-412C-A465-4F3B725E42BA}.Release|Any CPU.ActiveCfg = Release|Any CPU
		{321F6972-DAFF-412C-A465-4F3B725E42BA}.Release|Any CPU.Build.0 = Release|Any CPU
		{6D539224-6046-4ED7-9A0D-21B0229C46A7}.Debug|Any CPU.ActiveCfg = Debug|Any CPU
		{6D539224-6046-4ED7-9A0D-21B0229C46A7}.Debug|Any CPU.Build.0 = Debug|Any CPU
		{6D539224-6046-4ED7-9A0D-21B0229C46A7}.Release|Any CPU.ActiveCfg = Release|Any CPU
		{6D539224-6046-4ED7-9A0D-21B0229C46A7}.Release|Any CPU.Build.0 = Release|Any CPU
		{473BE363-8262-43FC-8AD1-BF49FF23DF14}.Debug|Any CPU.ActiveCfg = Debug|Any CPU
		{473BE363-8262-43FC-8AD1-BF49FF23DF14}.Debug|Any CPU.Build.0 = Debug|Any CPU
		{473BE363-8262-43FC-8AD1-BF49FF23DF14}.Release|Any CPU.ActiveCfg = Release|Any CPU
		{473BE363-8262-43FC-8AD1-BF49FF23DF14}.Release|Any CPU.Build.0 = Release|Any CPU
	EndGlobalSection
	GlobalSection(SolutionProperties) = preSolution
		HideSolutionNode = FALSE
	EndGlobalSection
	GlobalSection(ExtensibilityGlobals) = postSolution
		SolutionGuid = {E9DD5721-B859-4B78-9AA1-AEC57DDD2B07}
	EndGlobalSection
EndGlobal
